
Microsoft Visual Studio Solution File, Format Version 12.00
# Visual Studio Version 16
VisualStudioVersion = 16.0.31019.35
MinimumVisualStudioVersion = 10.0.40219.1
Project("{FAE04EC0-301F-11D3-BF4B-00C04F79EFBC}") = "timer", "timer.csproj", "{80D97547-7CFE-4201-B9D8-2DA192E4D88B}"
EndProject
Global
	GlobalSection(SolutionConfigurationPlatforms) = preSolution
		Debug|Any CPU = Debug|Any CPU
		Release|Any CPU = Release|Any CPU
	EndGlobalSection
	GlobalSection(ProjectConfigurationPlatforms) = postSolution
		{80D97547-7CFE-4201-B9D8-2DA192E4D88B}.Debug|Any CPU.ActiveCfg = Debug|Any CPU
		{80D97547-7CFE-4201-B9D8-2DA192E4D88B}.Debug|Any CPU.Build.0 = Debug|Any CPU
		{80D97547-7CFE-4201-B9D8-2DA192E4D88B}.Release|Any CPU.ActiveCfg = Release|Any CPU
		{80D97547-7CFE-4201-B9D8-2DA192E4D88B}.Release|Any CPU.Build.0 = Release|Any CPU
	EndGlobalSection
	GlobalSection(SolutionProperties) = preSolution
		HideSolutionNode = FALSE
	EndGlobalSection
	GlobalSection(ExtensibilityGlobals) = postSolution
		SolutionGuid = {FB6140BB-386C-41CB-BDF0-BBDA012F0506}
	EndGlobalSection
EndGlobal
